
Microsoft Visual Studio Solution File, Format Version 12.00
# Visual Studio 14
VisualStudioVersion = 14.0.25420.1
MinimumVisualStudioVersion = 10.0.40219.1
Project("{8BC9CEB8-8B4A-11D0-8D11-00A0C91BC942}") = "arith_tests-P751", "..\arith_tests\arith_tests-p751.vcxproj", "{C9639168-C3FF-4427-BC3B-D907FF11DE73}"
EndProject
Project("{8BC9CEB8-8B4A-11D0-8D11-00A0C91BC942}") = "P751", "SIDHp751.vcxproj", "{8283DD76-E88A-4B63-ABDE-33F014178413}"
EndProject
Project("{8BC9CEB8-8B4A-11D0-8D11-00A0C91BC942}") = "arith_tests-P503", "..\arith_tests\arith_tests-p503.vcxproj", "{464B689B-7C93-47A2-B2F5-FE162A4EF404}"
EndProject
Project("{8BC9CEB8-8B4A-11D0-8D11-00A0C91BC942}") = "P503", "SIDHp503.vcxproj", "{BBC8647D-B9E2-469F-A9A4-BB55B614ADBE}"
EndProject
Project("{8BC9CEB8-8B4A-11D0-8D11-00A0C91BC942}") = "test-SIKEp503", "..\kem_tests\test-SIKEp503.vcxproj", "{EF9FE361-D94D-4CE0-8873-739A925326A3}"
EndProject
Project("{8BC9CEB8-8B4A-11D0-8D11-00A0C91BC942}") = "test-SIKEp751", "..\kem_tests\test-SIKEp751.vcxproj", "{0D570915-7551-4D5F-A2F0-A4A6200185F9}"
EndProject
Project("{8BC9CEB8-8B4A-11D0-8D11-00A0C91BC942}") = "test-SIDHp503", "..\kex_tests\test-SIDHp503.vcxproj", "{7D021C38-417A-41C2-9AC8-9DAB0E5A74E0}"
EndProject
Project("{8BC9CEB8-8B4A-11D0-8D11-00A0C91BC942}") = "test-SIDHp751", "..\kex_tests\test-SIDHp751.vcxproj", "{98A48FFD-CE31-44B0-B236-D340521E9C0C}"
EndProject
Project("{8BC9CEB8-8B4A-11D0-8D11-00A0C91BC942}") = "arith_tests-P434", "..\arith_tests\arith_tests-P434.vcxproj", "{8944AC47-A218-4F4D-8AF1-AF704160A727}"
EndProject
Project("{8BC9CEB8-8B4A-11D0-8D11-00A0C91BC942}") = "P434", "SIDHp434.vcxproj", "{10224E47-BAEF-430E-A8A0-969CC6CEB96B}"
EndProject
Project("{8BC9CEB8-8B4A-11D0-8D11-00A0C91BC942}") = "test-SIKEp434", "..\kem_tests\test-SIKEp434.vcxproj", "{42A63F64-66A6-44A5-B22A-FB5F6F347AA2}"
EndProject
Project("{8BC9CEB8-8B4A-11D0-8D11-00A0C91BC942}") = "test-SIDHp434", "..\kex_tests\test-SIDHp434.vcxproj", "{798C203B-5415-4C65-B4F0-CF54E5D63B81}"
EndProject
Project("{8BC9CEB8-8B4A-11D0-8D11-00A0C91BC942}") = "P610", "SIDHp610.vcxproj", "{ED1BA17A-58EA-4D9F-9B19-7061395E22BB}"
EndProject
Project("{8BC9CEB8-8B4A-11D0-8D11-00A0C91BC942}") = "arith_tests-P610", "..\arith_tests\arith_tests-P610.vcxproj", "{2A6A9BF4-B07F-4F2F-B418-6C39E54F8C6F}"
EndProject
Project("{8BC9CEB8-8B4A-11D0-8D11-00A0C91BC942}") = "test-SIKEp610", "..\kem_tests\test-SIKEp610.vcxproj", "{DC10CB31-A905-402E-B466-46ADCD1AD61C}"
EndProject
Project("{8BC9CEB8-8B4A-11D0-8D11-00A0C91BC942}") = "test-SIDHp610", "..\kex_tests\test-SIDHp610.vcxproj", "{6BC0CAC3-5769-4B86-B56E-6AF3086B09F0}"
EndProject
Global
	GlobalSection(SolutionConfigurationPlatforms) = preSolution
		Debug|Win32 = Debug|Win32
		Debug|x64 = Debug|x64
		Fast|Win32 = Fast|Win32
		Fast|x64 = Fast|x64
		Generic|Win32 = Generic|Win32
		Generic|x64 = Generic|x64
	EndGlobalSection
	GlobalSection(ProjectConfigurationPlatforms) = postSolution
		{C9639168-C3FF-4427-BC3B-D907FF11DE73}.Debug|Win32.ActiveCfg = Debug|Win32
		{C9639168-C3FF-4427-BC3B-D907FF11DE73}.Debug|Win32.Build.0 = Debug|Win32
		{C9639168-C3FF-4427-BC3B-D907FF11DE73}.Debug|x64.ActiveCfg = Debug|x64
		{C9639168-C3FF-4427-BC3B-D907FF11DE73}.Debug|x64.Build.0 = Debug|x64
		{C9639168-C3FF-4427-BC3B-D907FF11DE73}.Fast|Win32.ActiveCfg = Fast|Win32
		{C9639168-C3FF-4427-BC3B-D907FF11DE73}.Fast|x64.ActiveCfg = Fast|x64
		{C9639168-C3FF-4427-BC3B-D907FF11DE73}.Fast|x64.Build.0 = Fast|x64
		{C9639168-C3FF-4427-BC3B-D907FF11DE73}.Generic|Win32.ActiveCfg = Generic|Win32
		{C9639168-C3FF-4427-BC3B-D907FF11DE73}.Generic|Win32.Build.0 = Generic|Win32
		{C9639168-C3FF-4427-BC3B-D907FF11DE73}.Generic|x64.ActiveCfg = Generic|x64
		{C9639168-C3FF-4427-BC3B-D907FF11DE73}.Generic|x64.Build.0 = Generic|x64
		{8283DD76-E88A-4B63-ABDE-33F014178413}.Debug|Win32.ActiveCfg = Debug|Win32
		{8283DD76-E88A-4B63-ABDE-33F014178413}.Debug|Win32.Build.0 = Debug|Win32
		{8283DD76-E88A-4B63-ABDE-33F014178413}.Debug|x64.ActiveCfg = Debug|x64
		{8283DD76-E88A-4B63-ABDE-33F014178413}.Debug|x64.Build.0 = Debug|x64
		{8283DD76-E88A-4B63-ABDE-33F014178413}.Fast|Win32.ActiveCfg = Fast|Win32
		{8283DD76-E88A-4B63-ABDE-33F014178413}.Fast|x64.ActiveCfg = Fast|x64
		{8283DD76-E88A-4B63-ABDE-33F014178413}.Fast|x64.Build.0 = Fast|x64
		{8283DD76-E88A-4B63-ABDE-33F014178413}.Generic|Win32.ActiveCfg = Generic|Win32
		{8283DD76-E88A-4B63-ABDE-33F014178413}.Generic|Win32.Build.0 = Generic|Win32
		{8283DD76-E88A-4B63-ABDE-33F014178413}.Generic|x64.ActiveCfg = Generic|x64
		{8283DD76-E88A-4B63-ABDE-33F014178413}.Generic|x64.Build.0 = Generic|x64
		{464B689B-7C93-47A2-B2F5-FE162A4EF404}.Debug|Win32.ActiveCfg = Debug|Win32
		{464B689B-7C93-47A2-B2F5-FE162A4EF404}.Debug|Win32.Build.0 = Debug|Win32
		{464B689B-7C93-47A2-B2F5-FE162A4EF404}.Debug|x64.ActiveCfg = Debug|x64
		{464B689B-7C93-47A2-B2F5-FE162A4EF404}.Debug|x64.Build.0 = Debug|x64
		{464B689B-7C93-47A2-B2F5-FE162A4EF404}.Fast|Win32.ActiveCfg = Fast|Win32
		{464B689B-7C93-47A2-B2F5-FE162A4EF404}.Fast|x64.ActiveCfg = Fast|x64
		{464B689B-7C93-47A2-B2F5-FE162A4EF404}.Fast|x64.Build.0 = Fast|x64
		{464B689B-7C93-47A2-B2F5-FE162A4EF404}.Generic|Win32.ActiveCfg = Generic|Win32
		{464B689B-7C93-47A2-B2F5-FE162A4EF404}.Generic|Win32.Build.0 = Generic|Win32
		{464B689B-7C93-47A2-B2F5-FE162A4EF404}.Generic|x64.ActiveCfg = Generic|x64
		{464B689B-7C93-47A2-B2F5-FE162A4EF404}.Generic|x64.Build.0 = Generic|x64
		{BBC8647D-B9E2-469F-A9A4-BB55B614ADBE}.Debug|Win32.ActiveCfg = Debug|Win32
		{BBC8647D-B9E2-469F-A9A4-BB55B614ADBE}.Debug|Win32.Build.0 = Debug|Win32
		{BBC8647D-B9E2-469F-A9A4-BB55B614ADBE}.Debug|x64.ActiveCfg = Debug|x64
		{BBC8647D-B9E2-469F-A9A4-BB55B614ADBE}.Debug|x64.Build.0 = Debug|x64
		{BBC8647D-B9E2-469F-A9A4-BB55B614ADBE}.Fast|Win32.ActiveCfg = Fast|Win32
		{BBC8647D-B9E2-469F-A9A4-BB55B614ADBE}.Fast|x64.ActiveCfg = Fast|x64
		{BBC8647D-B9E2-469F-A9A4-BB55B614ADBE}.Fast|x64.Build.0 = Fast|x64
		{BBC8647D-B9E2-469F-A9A4-BB55B614ADBE}.Generic|Win32.ActiveCfg = Generic|Win32
		{BBC8647D-B9E2-469F-A9A4-BB55B614ADBE}.Generic|Win32.Build.0 = Generic|Win32
		{BBC8647D-B9E2-469F-A9A4-BB55B614ADBE}.Generic|x64.ActiveCfg = Generic|x64
		{BBC8647D-B9E2-469F-A9A4-BB55B614ADBE}.Generic|x64.Build.0 = Generic|x64
		{EF9FE361-D94D-4CE0-8873-739A925326A3}.Debug|Win32.ActiveCfg = Debug|Win32
		{EF9FE361-D94D-4CE0-8873-739A925326A3}.Debug|Win32.Build.0 = Debug|Win32
		{EF9FE361-D94D-4CE0-8873-739A925326A3}.Debug|x64.ActiveCfg = Debug|x64
		{EF9FE361-D94D-4CE0-8873-739A925326A3}.Debug|x64.Build.0 = Debug|x64
		{EF9FE361-D94D-4CE0-8873-739A925326A3}.Fast|Win32.ActiveCfg = Fast|Win32
		{EF9FE361-D94D-4CE0-8873-739A925326A3}.Fast|x64.ActiveCfg = Fast|x64
		{EF9FE361-D94D-4CE0-8873-739A925326A3}.Fast|x64.Build.0 = Fast|x64
		{EF9FE361-D94D-4CE0-8873-739A925326A3}.Generic|Win32.ActiveCfg = Generic|Win32
		{EF9FE361-D94D-4CE0-8873-739A925326A3}.Generic|Win32.Build.0 = Generic|Win32
		{EF9FE361-D94D-4CE0-8873-739A925326A3}.Generic|x64.ActiveCfg = Generic|x64
		{EF9FE361-D94D-4CE0-8873-739A925326A3}.Generic|x64.Build.0 = Generic|x64
		{0D570915-7551-4D5F-A2F0-A4A6200185F9}.Debug|Win32.ActiveCfg = Debug|Win32
		{0D570915-7551-4D5F-A2F0-A4A6200185F9}.Debug|Win32.Build.0 = Debug|Win32
		{0D570915-7551-4D5F-A2F0-A4A6200185F9}.Debug|x64.ActiveCfg = Debug|x64
		{0D570915-7551-4D5F-A2F0-A4A6200185F9}.Debug|x64.Build.0 = Debug|x64
		{0D570915-7551-4D5F-A2F0-A4A6200185F9}.Fast|Win32.ActiveCfg = Fast|Win32
		{0D570915-7551-4D5F-A2F0-A4A6200185F9}.Fast|x64.ActiveCfg = Fast|x64
		{0D570915-7551-4D5F-A2F0-A4A6200185F9}.Fast|x64.Build.0 = Fast|x64
		{0D570915-7551-4D5F-A2F0-A4A6200185F9}.Generic|Win32.ActiveCfg = Generic|Win32
		{0D570915-7551-4D5F-A2F0-A4A6200185F9}.Generic|Win32.Build.0 = Generic|Win32
		{0D570915-7551-4D5F-A2F0-A4A6200185F9}.Generic|x64.ActiveCfg = Generic|x64
		{0D570915-7551-4D5F-A2F0-A4A6200185F9}.Generic|x64.Build.0 = Generic|x64
		{7D021C38-417A-41C2-9AC8-9DAB0E5A74E0}.Debug|Win32.ActiveCfg = Debug|Win32
		{7D021C38-417A-41C2-9AC8-9DAB0E5A74E0}.Debug|Win32.Build.0 = Debug|Win32
		{7D021C38-417A-41C2-9AC8-9DAB0E5A74E0}.Debug|x64.ActiveCfg = Debug|x64
		{7D021C38-417A-41C2-9AC8-9DAB0E5A74E0}.Debug|x64.Build.0 = Debug|x64
		{7D021C38-417A-41C2-9AC8-9DAB0E5A74E0}.Fast|Win32.ActiveCfg = Fast|Win32
		{7D021C38-417A-41C2-9AC8-9DAB0E5A74E0}.Fast|x64.ActiveCfg = Fast|x64
		{7D021C38-417A-41C2-9AC8-9DAB0E5A74E0}.Fast|x64.Build.0 = Fast|x64
		{7D021C38-417A-41C2-9AC8-9DAB0E5A74E0}.Generic|Win32.ActiveCfg = Generic|Win32
		{7D021C38-417A-41C2-9AC8-9DAB0E5A74E0}.Generic|Win32.Build.0 = Generic|Win32
		{7D021C38-417A-41C2-9AC8-9DAB0E5A74E0}.Generic|x64.ActiveCfg = Generic|x64
		{7D021C38-417A-41C2-9AC8-9DAB0E5A74E0}.Generic|x64.Build.0 = Generic|x64
		{98A48FFD-CE31-44B0-B236-D340521E9C0C}.Debug|Win32.ActiveCfg = Debug|Win32
		{98A48FFD-CE31-44B0-B236-D340521E9C0C}.Debug|Win32.Build.0 = Debug|Win32
		{98A48FFD-CE31-44B0-B236-D340521E9C0C}.Debug|x64.ActiveCfg = Debug|x64
		{98A48FFD-CE31-44B0-B236-D340521E9C0C}.Debug|x64.Build.0 = Debug|x64
		{98A48FFD-CE31-44B0-B236-D340521E9C0C}.Fast|Win32.ActiveCfg = Fast|Win32
		{98A48FFD-CE31-44B0-B236-D340521E9C0C}.Fast|x64.ActiveCfg = Fast|x64
		{98A48FFD-CE31-44B0-B236-D340521E9C0C}.Fast|x64.Build.0 = Fast|x64
		{98A48FFD-CE31-44B0-B236-D340521E9C0C}.Generic|Win32.ActiveCfg = Generic|Win32
		{98A48FFD-CE31-44B0-B236-D340521E9C0C}.Generic|Win32.Build.0 = Generic|Win32
		{98A48FFD-CE31-44B0-B236-D340521E9C0C}.Generic|x64.ActiveCfg = Generic|x64
		{98A48FFD-CE31-44B0-B236-D340521E9C0C}.Generic|x64.Build.0 = Generic|x64
		{8944AC47-A218-4F4D-8AF1-AF704160A727}.Debug|Win32.ActiveCfg = Debug|Win32
		{8944AC47-A218-4F4D-8AF1-AF704160A727}.Debug|Win32.Build.0 = Debug|Win32
		{8944AC47-A218-4F4D-8AF1-AF704160A727}.Debug|x64.ActiveCfg = Debug|x64
		{8944AC47-A218-4F4D-8AF1-AF704160A727}.Debug|x64.Build.0 = Debug|x64
		{8944AC47-A218-4F4D-8AF1-AF704160A727}.Fast|Win32.ActiveCfg = Fast|Win32
		{8944AC47-A218-4F4D-8AF1-AF704160A727}.Fast|x64.ActiveCfg = Fast|x64
		{8944AC47-A218-4F4D-8AF1-AF704160A727}.Fast|x64.Build.0 = Fast|x64
		{8944AC47-A218-4F4D-8AF1-AF704160A727}.Generic|Win32.ActiveCfg = Generic|Win32
		{8944AC47-A218-4F4D-8AF1-AF704160A727}.Generic|Win32.Build.0 = Generic|Win32
		{8944AC47-A218-4F4D-8AF1-AF704160A727}.Generic|x64.ActiveCfg = Generic|x64
		{8944AC47-A218-4F4D-8AF1-AF704160A727}.Generic|x64.Build.0 = Generic|x64
		{10224E47-BAEF-430E-A8A0-969CC6CEB96B}.Debug|Win32.ActiveCfg = Debug|Win32
		{10224E47-BAEF-430E-A8A0-969CC6CEB96B}.Debug|Win32.Build.0 = Debug|Win32
		{10224E47-BAEF-430E-A8A0-969CC6CEB96B}.Debug|x64.ActiveCfg = Debug|x64
		{10224E47-BAEF-430E-A8A0-969CC6CEB96B}.Debug|x64.Build.0 = Debug|x64
		{10224E47-BAEF-430E-A8A0-969CC6CEB96B}.Fast|Win32.ActiveCfg = Fast|Win32
		{10224E47-BAEF-430E-A8A0-969CC6CEB96B}.Fast|x64.ActiveCfg = Fast|x64
		{10224E47-BAEF-430E-A8A0-969CC6CEB96B}.Fast|x64.Build.0 = Fast|x64
		{10224E47-BAEF-430E-A8A0-969CC6CEB96B}.Generic|Win32.ActiveCfg = Generic|Win32
		{10224E47-BAEF-430E-A8A0-969CC6CEB96B}.Generic|Win32.Build.0 = Generic|Win32
		{10224E47-BAEF-430E-A8A0-969CC6CEB96B}.Generic|x64.ActiveCfg = Generic|x64
		{10224E47-BAEF-430E-A8A0-969CC6CEB96B}.Generic|x64.Build.0 = Generic|x64
		{42A63F64-66A6-44A5-B22A-FB5F6F347AA2}.Debug|Win32.ActiveCfg = Debug|Win32
		{42A63F64-66A6-44A5-B22A-FB5F6F347AA2}.Debug|Win32.Build.0 = Debug|Win32
		{42A63F64-66A6-44A5-B22A-FB5F6F347AA2}.Debug|x64.ActiveCfg = Debug|x64
		{42A63F64-66A6-44A5-B22A-FB5F6F347AA2}.Debug|x64.Build.0 = Debug|x64
		{42A63F64-66A6-44A5-B22A-FB5F6F347AA2}.Fast|Win32.ActiveCfg = Fast|Win32
		{42A63F64-66A6-44A5-B22A-FB5F6F347AA2}.Fast|x64.ActiveCfg = Fast|x64
		{42A63F64-66A6-44A5-B22A-FB5F6F347AA2}.Fast|x64.Build.0 = Fast|x64
		{42A63F64-66A6-44A5-B22A-FB5F6F347AA2}.Generic|Win32.ActiveCfg = Generic|Win32
		{42A63F64-66A6-44A5-B22A-FB5F6F347AA2}.Generic|Win32.Build.0 = Generic|Win32
		{42A63F64-66A6-44A5-B22A-FB5F6F347AA2}.Generic|x64.ActiveCfg = Generic|x64
		{42A63F64-66A6-44A5-B22A-FB5F6F347AA2}.Generic|x64.Build.0 = Generic|x64
		{798C203B-5415-4C65-B4F0-CF54E5D63B81}.Debug|Win32.ActiveCfg = Debug|Win32
		{798C203B-5415-4C65-B4F0-CF54E5D63B81}.Debug|Win32.Build.0 = Debug|Win32
		{798C203B-5415-4C65-B4F0-CF54E5D63B81}.Debug|x64.ActiveCfg = Debug|x64
		{798C203B-5415-4C65-B4F0-CF54E5D63B81}.Debug|x64.Build.0 = Debug|x64
		{798C203B-5415-4C65-B4F0-CF54E5D63B81}.Fast|Win32.ActiveCfg = Fast|Win32
		{798C203B-5415-4C65-B4F0-CF54E5D63B81}.Fast|x64.ActiveCfg = Fast|x64
		{798C203B-5415-4C65-B4F0-CF54E5D63B81}.Fast|x64.Build.0 = Fast|x64
		{798C203B-5415-4C65-B4F0-CF54E5D63B81}.Generic|Win32.ActiveCfg = Generic|Win32
		{798C203B-5415-4C65-B4F0-CF54E5D63B81}.Generic|Win32.Build.0 = Generic|Win32
		{798C203B-5415-4C65-B4F0-CF54E5D63B81}.Generic|x64.ActiveCfg = Generic|x64
		{798C203B-5415-4C65-B4F0-CF54E5D63B81}.Generic|x64.Build.0 = Generic|x64
		{ED1BA17A-58EA-4D9F-9B19-7061395E22BB}.Debug|Win32.ActiveCfg = Debug|Win32
		{ED1BA17A-58EA-4D9F-9B19-7061395E22BB}.Debug|Win32.Build.0 = Debug|Win32
		{ED1BA17A-58EA-4D9F-9B19-7061395E22BB}.Debug|x64.ActiveCfg = Debug|x64
		{ED1BA17A-58EA-4D9F-9B19-7061395E22BB}.Debug|x64.Build.0 = Debug|x64
		{ED1BA17A-58EA-4D9F-9B19-7061395E22BB}.Fast|Win32.ActiveCfg = Fast|Win32
		{ED1BA17A-58EA-4D9F-9B19-7061395E22BB}.Fast|x64.ActiveCfg = Fast|x64
		{ED1BA17A-58EA-4D9F-9B19-7061395E22BB}.Fast|x64.Build.0 = Fast|x64
		{ED1BA17A-58EA-4D9F-9B19-7061395E22BB}.Generic|Win32.ActiveCfg = Generic|Win32
		{ED1BA17A-58EA-4D9F-9B19-7061395E22BB}.Generic|Win32.Build.0 = Generic|Win32
		{ED1BA17A-58EA-4D9F-9B19-7061395E22BB}.Generic|x64.ActiveCfg = Generic|x64
		{ED1BA17A-58EA-4D9F-9B19-7061395E22BB}.Generic|x64.Build.0 = Generic|x64
		{2A6A9BF4-B07F-4F2F-B418-6C39E54F8C6F}.Debug|Win32.ActiveCfg = Debug|Win32
		{2A6A9BF4-B07F-4F2F-B418-6C39E54F8C6F}.Debug|Win32.Build.0 = Debug|Win32
		{2A6A9BF4-B07F-4F2F-B418-6C39E54F8C6F}.Debug|x64.ActiveCfg = Debug|x64
		{2A6A9BF4-B07F-4F2F-B418-6C39E54F8C6F}.Debug|x64.Build.0 = Debug|x64
		{2A6A9BF4-B07F-4F2F-B418-6C39E54F8C6F}.Fast|Win32.ActiveCfg = Fast|Win32
		{2A6A9BF4-B07F-4F2F-B418-6C39E54F8C6F}.Fast|x64.ActiveCfg = Fast|x64
		{2A6A9BF4-B07F-4F2F-B418-6C39E54F8C6F}.Fast|x64.Build.0 = Fast|x64
		{2A6A9BF4-B07F-4F2F-B418-6C39E54F8C6F}.Generic|Win32.ActiveCfg = Generic|Win32
		{2A6A9BF4-B07F-4F2F-B418-6C39E54F8C6F}.Generic|Win32.Build.0 = Generic|Win32
		{2A6A9BF4-B07F-4F2F-B418-6C39E54F8C6F}.Generic|x64.ActiveCfg = Generic|x64
		{2A6A9BF4-B07F-4F2F-B418-6C39E54F8C6F}.Generic|x64.Build.0 = Generic|x64
		{DC10CB31-A905-402E-B466-46ADCD1AD61C}.Debug|Win32.ActiveCfg = Debug|Win32
		{DC10CB31-A905-402E-B466-46ADCD1AD61C}.Debug|Win32.Build.0 = Debug|Win32
		{DC10CB31-A905-402E-B466-46ADCD1AD61C}.Debug|x64.ActiveCfg = Debug|x64
		{DC10CB31-A905-402E-B466-46ADCD1AD61C}.Debug|x64.Build.0 = Debug|x64
		{DC10CB31-A905-402E-B466-46ADCD1AD61C}.Fast|Win32.ActiveCfg = Fast|Win32
		{DC10CB31-A905-402E-B466-46ADCD1AD61C}.Fast|x64.ActiveCfg = Fast|x64
		{DC10CB31-A905-402E-B466-46ADCD1AD61C}.Fast|x64.Build.0 = Fast|x64
		{DC10CB31-A905-402E-B466-46ADCD1AD61C}.Generic|Win32.ActiveCfg = Generic|Win32
		{DC10CB31-A905-402E-B466-46ADCD1AD61C}.Generic|Win32.Build.0 = Generic|Win32
		{DC10CB31-A905-402E-B466-46ADCD1AD61C}.Generic|x64.ActiveCfg = Generic|x64
		{DC10CB31-A905-402E-B466-46ADCD1AD61C}.Generic|x64.Build.0 = Generic|x64
		{6BC0CAC3-5769-4B86-B56E-6AF3086B09F0}.Debug|Win32.ActiveCfg = Debug|Win32
		{6BC0CAC3-5769-4B86-B56E-6AF3086B09F0}.Debug|Win32.Build.0 = Debug|Win32
		{6BC0CAC3-5769-4B86-B56E-6AF3086B09F0}.Debug|x64.ActiveCfg = Debug|x64
		{6BC0CAC3-5769-4B86-B56E-6AF3086B09F0}.Debug|x64.Build.0 = Debug|x64
		{6BC0CAC3-5769-4B86-B56E-6AF3086B09F0}.Fast|Win32.ActiveCfg = Fast|Win32
		{6BC0CAC3-5769-4B86-B56E-6AF3086B09F0}.Fast|x64.ActiveCfg = Fast|x64
		{6BC0CAC3-5769-4B86-B56E-6AF3086B09F0}.Fast|x64.Build.0 = Fast|x64
		{6BC0CAC3-5769-4B86-B56E-6AF3086B09F0}.Generic|Win32.ActiveCfg = Generic|Win32
		{6BC0CAC3-5769-4B86-B56E-6AF3086B09F0}.Generic|Win32.Build.0 = Generic|Win32
		{6BC0CAC3-5769-4B86-B56E-6AF3086B09F0}.Generic|x64.ActiveCfg = Generic|x64
		{6BC0CAC3-5769-4B86-B56E-6AF3086B09F0}.Generic|x64.Build.0 = Generic|x64
	EndGlobalSection
	GlobalSection(SolutionProperties) = preSolution
		HideSolutionNode = FALSE
	EndGlobalSection
EndGlobal
